
Microsoft Visual Studio Solution File, Format Version 12.00
# Visual Studio Version 17
VisualStudioVersion = 17.4.33205.214
MinimumVisualStudioVersion = 10.0.40219.1
Project("{FAE04EC0-301F-11D3-BF4B-00C04F79EFBC}") = "QuanLyHangHoa", "QuanLyHangHoa\QuanLyHangHoa.csproj", "{FFBC022A-8999-4B7F-8C17-FEA801EB87CF}"
EndProject
Global
	GlobalSection(SolutionConfigurationPlatforms) = preSolution
		Debug|Any CPU = Debug|Any CPU
		Release|Any CPU = Release|Any CPU
	EndGlobalSection
	GlobalSection(ProjectConfigurationPlatforms) = postSolution
		{FFBC022A-8999-4B7F-8C17-FEA801EB87CF}.Debug|Any CPU.ActiveCfg = Debug|Any CPU
		{FFBC022A-8999-4B7F-8C17-FEA801EB87CF}.Debug|Any CPU.Build.0 = Debug|Any CPU
		{FFBC022A-8999-4B7F-8C17-FEA801EB87CF}.Release|Any CPU.ActiveCfg = Release|Any CPU
		{FFBC022A-8999-4B7F-8C17-FEA801EB87CF}.Release|Any CPU.Build.0 = Release|Any CPU
	EndGlobalSection
	GlobalSection(SolutionProperties) = preSolution
		HideSolutionNode = FALSE
	EndGlobalSection
	GlobalSection(ExtensibilityGlobals) = postSolution
		SolutionGuid = {4B0D1B0C-DC82-4435-A785-EBD4A33907FA}
	EndGlobalSection
EndGlobal
